
Microsoft Visual Studio Solution File, Format Version 12.00
# Visual Studio Version 17
VisualStudioVersion = 17.6.33815.320
MinimumVisualStudioVersion = 10.0.40219.1
Project("{FAE04EC0-301F-11D3-BF4B-00C04F79EFBC}") = "InlUpp1", "InlUpp1\InlUpp1.csproj", "{A21E1BE4-FC0A-4967-AF40-D0B7F1E6FDD4}"
EndProject
Global
	GlobalSection(SolutionConfigurationPlatforms) = preSolution
		Debug|Any CPU = Debug|Any CPU
		Release|Any CPU = Release|Any CPU
	EndGlobalSection
	GlobalSection(ProjectConfigurationPlatforms) = postSolution
		{A21E1BE4-FC0A-4967-AF40-D0B7F1E6FDD4}.Debug|Any CPU.ActiveCfg = Debug|Any CPU
		{A21E1BE4-FC0A-4967-AF40-D0B7F1E6FDD4}.Debug|Any CPU.Build.0 = Debug|Any CPU
		{A21E1BE4-FC0A-4967-AF40-D0B7F1E6FDD4}.Release|Any CPU.ActiveCfg = Release|Any CPU
		{A21E1BE4-FC0A-4967-AF40-D0B7F1E6FDD4}.Release|Any CPU.Build.0 = Release|Any CPU
	EndGlobalSection
	GlobalSection(SolutionProperties) = preSolution
		HideSolutionNode = FALSE
	EndGlobalSection
	GlobalSection(ExtensibilityGlobals) = postSolution
		SolutionGuid = {408BDD39-450A-47BF-BE6F-A46D53BB92BD}
	EndGlobalSection
EndGlobal
